// !$*UTF8*$!
{
	archiveVersion = 1;
	classes = {
	};
	objectVersion = 50;
	objects = {

/* Begin PBXBuildFile section */
		417D2F17522F057F47C8773D /* libPods-iOS-Interview.a in Frameworks */ = {isa = PBXBuildFile; fileRef = B1264DF5A552B65E9CF7A332 /* libPods-iOS-Interview.a */; };
		F0171615246A89BD008DC9AC /* CopyModel.m in Sources */ = {isa = PBXBuildFile; fileRef = F0171614246A89BD008DC9AC /* CopyModel.m */; };
		F0171618246A975B008DC9AC /* XZQProxy.m in Sources */ = {isa = PBXBuildFile; fileRef = F0171617246A975B008DC9AC /* XZQProxy.m */; };
		F017161B246A987B008DC9AC /* XZQProxy2.m in Sources */ = {isa = PBXBuildFile; fileRef = F017161A246A987B008DC9AC /* XZQProxy2.m */; };
		F0244AD4244EA03200897508 /* AppDelegate.m in Sources */ = {isa = PBXBuildFile; fileRef = F0244AD3244EA03200897508 /* AppDelegate.m */; };
		F0244AD7244EA03200897508 /* SceneDelegate.m in Sources */ = {isa = PBXBuildFile; fileRef = F0244AD6244EA03200897508 /* SceneDelegate.m */; };
		F0244ADA244EA03200897508 /* ViewController.m in Sources */ = {isa = PBXBuildFile; fileRef = F0244AD9244EA03200897508 /* ViewController.m */; };
		F0244ADD244EA03200897508 /* Main.storyboard in Resources */ = {isa = PBXBuildFile; fileRef = F0244ADB244EA03200897508 /* Main.storyboard */; };
		F0244ADF244EA03400897508 /* Assets.xcassets in Resources */ = {isa = PBXBuildFile; fileRef = F0244ADE244EA03400897508 /* Assets.xcassets */; };
		F0244AE2244EA03400897508 /* LaunchScreen.storyboard in Resources */ = {isa = PBXBuildFile; fileRef = F0244AE0244EA03400897508 /* LaunchScreen.storyboard */; };
		F0244AE5244EA03400897508 /* main.m in Sources */ = {isa = PBXBuildFile; fileRef = F0244AE4244EA03400897508 /* main.m */; };
		F0244AEC244EA1E300897508 /* README.md in Resources */ = {isa = PBXBuildFile; fileRef = F0244AEB244EA1E300897508 /* README.md */; };
		F03F888B245273FD008C1E95 /* OCLanguageController.m in Sources */ = {isa = PBXBuildFile; fileRef = F03F888A245273FD008C1E95 /* OCLanguageController.m */; };
		F03F889124528AB4008C1E95 /* MessagePassController.m in Sources */ = {isa = PBXBuildFile; fileRef = F03F889024528AB4008C1E95 /* MessagePassController.m */; };
		F05DD0B22457BDF7006DE571 /* BlockController.m in Sources */ = {isa = PBXBuildFile; fileRef = F05DD0B12457BDF7006DE571 /* BlockController.m */; };
		F07E589A246A340600BCC2F5 /* MemeryManageController.m in Sources */ = {isa = PBXBuildFile; fileRef = F07E5899246A340600BCC2F5 /* MemeryManageController.m */; };
		F0A126C2245134130001F8D7 /* OCGroundController.m in Sources */ = {isa = PBXBuildFile; fileRef = F0A126C1245134130001F8D7 /* OCGroundController.m */; };
		F0B0E0FE24625BA700E2FFC5 /* RunLoopController.m in Sources */ = {isa = PBXBuildFile; fileRef = F0B0E0FD24625BA700E2FFC5 /* RunLoopController.m */; };
		F0B7C528244ECAC50066546F /* UIController.m in Sources */ = {isa = PBXBuildFile; fileRef = F0B7C527244ECAC50066546F /* UIController.m */; };
		F0B7C52C244EDB2C0066546F /* XZQButton.m in Sources */ = {isa = PBXBuildFile; fileRef = F0B7C52B244EDB2C0066546F /* XZQButton.m */; };
		F0B7C52F244EDF780066546F /* XZQView.m in Sources */ = {isa = PBXBuildFile; fileRef = F0B7C52E244EDF780066546F /* XZQView.m */; };
		F0B94A71245A5C3E00003376 /* RuntimeController.m in Sources */ = {isa = PBXBuildFile; fileRef = F0B94A70245A5C3E00003376 /* RuntimeController.m */; };
		F0B94A76245A7C0A00003376 /* RuntimeModel.m in Sources */ = {isa = PBXBuildFile; fileRef = F0B94A75245A7C0A00003376 /* RuntimeModel.m */; };
		F0B94A79245A7EBF00003376 /* TargetModel.m in Sources */ = {isa = PBXBuildFile; fileRef = F0B94A78245A7EBF00003376 /* TargetModel.m */; };
		F0BF298C246CD66E005118E0 /* InfrastructureController.m in Sources */ = {isa = PBXBuildFile; fileRef = F0BF298B246CD66E005118E0 /* InfrastructureController.m */; };
		F0BF2993246CE175005118E0 /* MVCAppleController.m in Sources */ = {isa = PBXBuildFile; fileRef = F0BF2992246CE175005118E0 /* MVCAppleController.m */; };
		F0BF2996246CE1A1005118E0 /* MVCChangeController.m in Sources */ = {isa = PBXBuildFile; fileRef = F0BF2995246CE1A1005118E0 /* MVCChangeController.m */; };
		F0BF2999246CE1BA005118E0 /* MVPController.m in Sources */ = {isa = PBXBuildFile; fileRef = F0BF2998246CE1BA005118E0 /* MVPController.m */; };
		F0BF299C246CE1D8005118E0 /* MVVMController.m in Sources */ = {isa = PBXBuildFile; fileRef = F0BF299B246CE1D8005118E0 /* MVVMController.m */; };
		F0BF299F246CE3A4005118E0 /* MVCAppleView.m in Sources */ = {isa = PBXBuildFile; fileRef = F0BF299E246CE3A4005118E0 /* MVCAppleView.m */; };
		F0BF29A5246CE4AA005118E0 /* MVCAppleModel.m in Sources */ = {isa = PBXBuildFile; fileRef = F0BF29A3246CE4AA005118E0 /* MVCAppleModel.m */; };
		F0BF29A8246CE53C005118E0 /* MVCChangeModel.m in Sources */ = {isa = PBXBuildFile; fileRef = F0BF29A7246CE53C005118E0 /* MVCChangeModel.m */; };
		F0BF29AB246CE54E005118E0 /* MVCChangeView.m in Sources */ = {isa = PBXBuildFile; fileRef = F0BF29AA246CE54E005118E0 /* MVCChangeView.m */; };
		F0BF29AE246CE662005118E0 /* MVPView.m in Sources */ = {isa = PBXBuildFile; fileRef = F0BF29AD246CE662005118E0 /* MVPView.m */; };
		F0BF29B1246CE66E005118E0 /* MVPModel.m in Sources */ = {isa = PBXBuildFile; fileRef = F0BF29B0246CE66E005118E0 /* MVPModel.m */; };
		F0BF29B4246CE67B005118E0 /* MVPPresent.m in Sources */ = {isa = PBXBuildFile; fileRef = F0BF29B3246CE67B005118E0 /* MVPPresent.m */; };
		F0BF29B7246CE84E005118E0 /* MVVMModel.m in Sources */ = {isa = PBXBuildFile; fileRef = F0BF29B6246CE84E005118E0 /* MVVMModel.m */; };
		F0BF29BA246CE85C005118E0 /* MVVMViewModel.m in Sources */ = {isa = PBXBuildFile; fileRef = F0BF29B9246CE85C005118E0 /* MVVMViewModel.m */; };
		F0BF29BD246CE867005118E0 /* MVVMView.m in Sources */ = {isa = PBXBuildFile; fileRef = F0BF29BC246CE867005118E0 /* MVVMView.m */; };
		F0BF29C3246CEA9F005118E0 /* NSObject+FBKVOController.m in Sources */ = {isa = PBXBuildFile; fileRef = F0BF29C0246CEA9F005118E0 /* NSObject+FBKVOController.m */; };
		F0BF29C4246CEA9F005118E0 /* FBKVOController.m in Sources */ = {isa = PBXBuildFile; fileRef = F0BF29C1246CEA9F005118E0 /* FBKVOController.m */; };
		F0BF3E58244FD60C0063B2B2 /* AnimationController.m in Sources */ = {isa = PBXBuildFile; fileRef = F0BF3E57244FD60C0063B2B2 /* AnimationController.m */; };
		F0C54989246E2308000BFCD0 /* PerformsController.m in Sources */ = {isa = PBXBuildFile; fileRef = F0C54988246E2308000BFCD0 /* PerformsController.m */; };
		F0C81CBB2463B80F00244FBD /* XZQPermenantThread.m in Sources */ = {isa = PBXBuildFile; fileRef = F0C81CBA2463B80F00244FBD /* XZQPermenantThread.m */; };
		F0CF36E62459236400B55A23 /* BlockModel.m in Sources */ = {isa = PBXBuildFile; fileRef = F0CF36E52459236400B55A23 /* BlockModel.m */; };
		F0D20FEA2466398500F22A52 /* MultiThreadController.m in Sources */ = {isa = PBXBuildFile; fileRef = F0D20FE92466398500F22A52 /* MultiThreadController.m */; };
		F0E58E1C245516FD00F77AAD /* KVOController.m in Sources */ = {isa = PBXBuildFile; fileRef = F0E58E1B245516FD00F77AAD /* KVOController.m */; };
		F0E58E222455178B00F77AAD /* KVCController.m in Sources */ = {isa = PBXBuildFile; fileRef = F0E58E212455178B00F77AAD /* KVCController.m */; };
		F0E58E262455270100F77AAD /* KVCModel.m in Sources */ = {isa = PBXBuildFile; fileRef = F0E58E252455270100F77AAD /* KVCModel.m */; };
		F0EE80592456702100B4F264 /* CategoryController.m in Sources */ = {isa = PBXBuildFile; fileRef = F0EE80582456702100B4F264 /* CategoryController.m */; };
		F0EE805D245686D700B4F264 /* CategoryFirstModel.m in Sources */ = {isa = PBXBuildFile; fileRef = F0EE805C245686D700B4F264 /* CategoryFirstModel.m */; };
		F0EE8060245686E200B4F264 /* CategorySecondModel.m in Sources */ = {isa = PBXBuildFile; fileRef = F0EE805F245686E200B4F264 /* CategorySecondModel.m */; };
		F0EE8063245686EF00B4F264 /* CategoryFirstSubModel.m in Sources */ = {isa = PBXBuildFile; fileRef = F0EE8062245686EF00B4F264 /* CategoryFirstSubModel.m */; };
		F0EE80662456872000B4F264 /* CategoryFirstModel+One.m in Sources */ = {isa = PBXBuildFile; fileRef = F0EE80652456872000B4F264 /* CategoryFirstModel+One.m */; };
		F0EE80692456872900B4F264 /* CategoryFirstModel+Two.m in Sources */ = {isa = PBXBuildFile; fileRef = F0EE80682456872900B4F264 /* CategoryFirstModel+Two.m */; };
		F0EE806F24568E2C00B4F264 /* CategoryFirstSubModel+One.m in Sources */ = {isa = PBXBuildFile; fileRef = F0EE806E24568E2C00B4F264 /* CategoryFirstSubModel+One.m */; };
		F0EE80742456AB4F00B4F264 /* UIViewController+BackItem.m in Sources */ = {isa = PBXBuildFile; fileRef = F0EE80732456AB4F00B4F264 /* UIViewController+BackItem.m */; };
/* End PBXBuildFile section */

/* Begin PBXFileReference section */
		118DEDBB9BAEC22022259DC4 /* Pods-iOS-Interview.release.xcconfig */ = {isa = PBXFileReference; includeInIndex = 1; lastKnownFileType = text.xcconfig; name = "Pods-iOS-Interview.release.xcconfig"; path = "Target Support Files/Pods-iOS-Interview/Pods-iOS-Interview.release.xcconfig"; sourceTree = "<group>"; };
		1CC42787D1EAB1DC65A3EDAC /* Pods-iOS-Interview.debug.xcconfig */ = {isa = PBXFileReference; includeInIndex = 1; lastKnownFileType = text.xcconfig; name = "Pods-iOS-Interview.debug.xcconfig"; path = "Target Support Files/Pods-iOS-Interview/Pods-iOS-Interview.debug.xcconfig"; sourceTree = "<group>"; };
		B1264DF5A552B65E9CF7A332 /* libPods-iOS-Interview.a */ = {isa = PBXFileReference; explicitFileType = archive.ar; includeInIndex = 0; path = "libPods-iOS-Interview.a"; sourceTree = BUILT_PRODUCTS_DIR; };
		F0171613246A89BD008DC9AC /* CopyModel.h */ = {isa = PBXFileReference; lastKnownFileType = sourcecode.c.h; path = CopyModel.h; sourceTree = "<group>"; };
		F0171614246A89BD008DC9AC /* CopyModel.m */ = {isa = PBXFileReference; lastKnownFileType = sourcecode.c.objc; path = CopyModel.m; sourceTree = "<group>"; };
		F0171616246A975B008DC9AC /* XZQProxy.h */ = {isa = PBXFileReference; lastKnownFileType = sourcecode.c.h; path = XZQProxy.h; sourceTree = "<group>"; };
		F0171617246A975B008DC9AC /* XZQProxy.m */ = {isa = PBXFileReference; lastKnownFileType = sourcecode.c.objc; path = XZQProxy.m; sourceTree = "<group>"; };
		F0171619246A987B008DC9AC /* XZQProxy2.h */ = {isa = PBXFileReference; lastKnownFileType = sourcecode.c.h; path = XZQProxy2.h; sourceTree = "<group>"; };
		F017161A246A987B008DC9AC /* XZQProxy2.m */ = {isa = PBXFileReference; lastKnownFileType = sourcecode.c.objc; path = XZQProxy2.m; sourceTree = "<group>"; };
		F0244ACF244EA03200897508 /* iOS-Interview.app */ = {isa = PBXFileReference; explicitFileType = wrapper.application; includeInIndex = 0; path = "iOS-Interview.app"; sourceTree = BUILT_PRODUCTS_DIR; };
		F0244AD2244EA03200897508 /* AppDelegate.h */ = {isa = PBXFileReference; lastKnownFileType = sourcecode.c.h; path = AppDelegate.h; sourceTree = "<group>"; };
		F0244AD3244EA03200897508 /* AppDelegate.m */ = {isa = PBXFileReference; lastKnownFileType = sourcecode.c.objc; path = AppDelegate.m; sourceTree = "<group>"; };
		F0244AD5244EA03200897508 /* SceneDelegate.h */ = {isa = PBXFileReference; lastKnownFileType = sourcecode.c.h; path = SceneDelegate.h; sourceTree = "<group>"; };
		F0244AD6244EA03200897508 /* SceneDelegate.m */ = {isa = PBXFileReference; lastKnownFileType = sourcecode.c.objc; path = SceneDelegate.m; sourceTree = "<group>"; };
		F0244AD8244EA03200897508 /* ViewController.h */ = {isa = PBXFileReference; lastKnownFileType = sourcecode.c.h; path = ViewController.h; sourceTree = "<group>"; };
		F0244AD9244EA03200897508 /* ViewController.m */ = {isa = PBXFileReference; lastKnownFileType = sourcecode.c.objc; path = ViewController.m; sourceTree = "<group>"; };
		F0244ADC244EA03200897508 /* Base */ = {isa = PBXFileReference; lastKnownFileType = file.storyboard; name = Base; path = Base.lproj/Main.storyboard; sourceTree = "<group>"; };
		F0244ADE244EA03400897508 /* Assets.xcassets */ = {isa = PBXFileReference; lastKnownFileType = folder.assetcatalog; path = Assets.xcassets; sourceTree = "<group>"; };
		F0244AE1244EA03400897508 /* Base */ = {isa = PBXFileReference; lastKnownFileType = file.storyboard; name = Base; path = Base.lproj/LaunchScreen.storyboard; sourceTree = "<group>"; };
		F0244AE3244EA03400897508 /* Info.plist */ = {isa = PBXFileReference; lastKnownFileType = text.plist.xml; path = Info.plist; sourceTree = "<group>"; };
		F0244AE4244EA03400897508 /* main.m */ = {isa = PBXFileReference; lastKnownFileType = sourcecode.c.objc; path = main.m; sourceTree = "<group>"; };
		F0244AEB244EA1E300897508 /* README.md */ = {isa = PBXFileReference; fileEncoding = 4; lastKnownFileType = net.daringfireball.markdown; path = README.md; sourceTree = "<group>"; };
		F03F8886245273B8008C1E95 /* OC语言.md */ = {isa = PBXFileReference; lastKnownFileType = net.daringfireball.markdown; path = "OC语言.md"; sourceTree = "<group>"; };
		F03F8889245273FD008C1E95 /* OCLanguageController.h */ = {isa = PBXFileReference; lastKnownFileType = sourcecode.c.h; path = OCLanguageController.h; sourceTree = "<group>"; };
		F03F888A245273FD008C1E95 /* OCLanguageController.m */ = {isa = PBXFileReference; lastKnownFileType = sourcecode.c.objc; path = OCLanguageController.m; sourceTree = "<group>"; };
		F03F888E24528A8F008C1E95 /* 消息传递方式.md */ = {isa = PBXFileReference; lastKnownFileType = net.daringfireball.markdown; path = "消息传递方式.md"; sourceTree = "<group>"; };
		F03F888F24528AB4008C1E95 /* MessagePassController.h */ = {isa = PBXFileReference; lastKnownFileType = sourcecode.c.h; path = MessagePassController.h; sourceTree = "<group>"; };
		F03F889024528AB4008C1E95 /* MessagePassController.m */ = {isa = PBXFileReference; lastKnownFileType = sourcecode.c.objc; path = MessagePassController.m; sourceTree = "<group>"; };
		F05DD0AE2457BDD8006DE571 /* block相关.md */ = {isa = PBXFileReference; lastKnownFileType = net.daringfireball.markdown; path = "block相关.md"; sourceTree = "<group>"; };
		F05DD0B02457BDF7006DE571 /* BlockController.h */ = {isa = PBXFileReference; lastKnownFileType = sourcecode.c.h; path = BlockController.h; sourceTree = "<group>"; };
		F05DD0B12457BDF7006DE571 /* BlockController.m */ = {isa = PBXFileReference; lastKnownFileType = sourcecode.c.objc; path = BlockController.m; sourceTree = "<group>"; };
		F07E5898246A340600BCC2F5 /* MemeryManageController.h */ = {isa = PBXFileReference; lastKnownFileType = sourcecode.c.h; path = MemeryManageController.h; sourceTree = "<group>"; };
		F07E5899246A340600BCC2F5 /* MemeryManageController.m */ = {isa = PBXFileReference; lastKnownFileType = sourcecode.c.objc; path = MemeryManageController.m; sourceTree = "<group>"; };
		F07E589B246A35E500BCC2F5 /* 内存管理相关.md */ = {isa = PBXFileReference; lastKnownFileType = net.daringfireball.markdown; path = "内存管理相关.md"; sourceTree = "<group>"; };
		F0A126BF24512A3A0001F8D7 /* OC对象底层.md */ = {isa = PBXFileReference; lastKnownFileType = net.daringfireball.markdown; path = "OC对象底层.md"; sourceTree = "<group>"; };
		F0A126C0245134130001F8D7 /* OCGroundController.h */ = {isa = PBXFileReference; lastKnownFileType = sourcecode.c.h; path = OCGroundController.h; sourceTree = "<group>"; };
		F0A126C1245134130001F8D7 /* OCGroundController.m */ = {isa = PBXFileReference; lastKnownFileType = sourcecode.c.objc; path = OCGroundController.m; sourceTree = "<group>"; };
		F0B0E0FC24625BA700E2FFC5 /* RunLoopController.h */ = {isa = PBXFileReference; lastKnownFileType = sourcecode.c.h; path = RunLoopController.h; sourceTree = "<group>"; };
		F0B0E0FD24625BA700E2FFC5 /* RunLoopController.m */ = {isa = PBXFileReference; lastKnownFileType = sourcecode.c.objc; path = RunLoopController.m; sourceTree = "<group>"; };
		F0B0E0FF24625BED00E2FFC5 /* RunLoop相关.md */ = {isa = PBXFileReference; lastKnownFileType = net.daringfireball.markdown; path = "RunLoop相关.md"; sourceTree = "<group>"; };
		F0B7C524244EBEA50066546F /* UI相关.md */ = {isa = PBXFileReference; lastKnownFileType = net.daringfireball.markdown; path = "UI相关.md"; sourceTree = "<group>"; };
		F0B7C526244ECAC50066546F /* UIController.h */ = {isa = PBXFileReference; lastKnownFileType = sourcecode.c.h; path = UIController.h; sourceTree = "<group>"; };
		F0B7C527244ECAC50066546F /* UIController.m */ = {isa = PBXFileReference; lastKnownFileType = sourcecode.c.objc; path = UIController.m; sourceTree = "<group>"; };
		F0B7C52A244EDB2C0066546F /* XZQButton.h */ = {isa = PBXFileReference; lastKnownFileType = sourcecode.c.h; path = XZQButton.h; sourceTree = "<group>"; };
		F0B7C52B244EDB2C0066546F /* XZQButton.m */ = {isa = PBXFileReference; lastKnownFileType = sourcecode.c.objc; path = XZQButton.m; sourceTree = "<group>"; };
		F0B7C52D244EDF780066546F /* XZQView.h */ = {isa = PBXFileReference; lastKnownFileType = sourcecode.c.h; path = XZQView.h; sourceTree = "<group>"; };
		F0B7C52E244EDF780066546F /* XZQView.m */ = {isa = PBXFileReference; lastKnownFileType = sourcecode.c.objc; path = XZQView.m; sourceTree = "<group>"; };
		F0B94A6F245A5C3E00003376 /* RuntimeController.h */ = {isa = PBXFileReference; lastKnownFileType = sourcecode.c.h; path = RuntimeController.h; sourceTree = "<group>"; };
		F0B94A70245A5C3E00003376 /* RuntimeController.m */ = {isa = PBXFileReference; lastKnownFileType = sourcecode.c.objc; path = RuntimeController.m; sourceTree = "<group>"; };
		F0B94A72245A5C4900003376 /* Runtime相关.md */ = {isa = PBXFileReference; lastKnownFileType = net.daringfireball.markdown; path = "Runtime相关.md"; sourceTree = "<group>"; };
		F0B94A74245A7C0A00003376 /* RuntimeModel.h */ = {isa = PBXFileReference; lastKnownFileType = sourcecode.c.h; path = RuntimeModel.h; sourceTree = "<group>"; };
		F0B94A75245A7C0A00003376 /* RuntimeModel.m */ = {isa = PBXFileReference; lastKnownFileType = sourcecode.c.objc; path = RuntimeModel.m; sourceTree = "<group>"; };
		F0B94A77245A7EBF00003376 /* TargetModel.h */ = {isa = PBXFileReference; lastKnownFileType = sourcecode.c.h; path = TargetModel.h; sourceTree = "<group>"; };
		F0B94A78245A7EBF00003376 /* TargetModel.m */ = {isa = PBXFileReference; lastKnownFileType = sourcecode.c.objc; path = TargetModel.m; sourceTree = "<group>"; };
		F0BF2988246CD5ED005118E0 /* 项目架构与架构设计.md */ = {isa = PBXFileReference; lastKnownFileType = net.daringfireball.markdown; path = "项目架构与架构设计.md"; sourceTree = "<group>"; };
		F0BF298A246CD66E005118E0 /* InfrastructureController.h */ = {isa = PBXFileReference; lastKnownFileType = sourcecode.c.h; path = InfrastructureController.h; sourceTree = "<group>"; };
		F0BF298B246CD66E005118E0 /* InfrastructureController.m */ = {isa = PBXFileReference; lastKnownFileType = sourcecode.c.objc; path = InfrastructureController.m; sourceTree = "<group>"; };
		F0BF2991246CE175005118E0 /* MVCAppleController.h */ = {isa = PBXFileReference; lastKnownFileType = sourcecode.c.h; path = MVCAppleController.h; sourceTree = "<group>"; };
		F0BF2992246CE175005118E0 /* MVCAppleController.m */ = {isa = PBXFileReference; lastKnownFileType = sourcecode.c.objc; path = MVCAppleController.m; sourceTree = "<group>"; };
		F0BF2994246CE1A1005118E0 /* MVCChangeController.h */ = {isa = PBXFileReference; lastKnownFileType = sourcecode.c.h; path = MVCChangeController.h; sourceTree = "<group>"; };
		F0BF2995246CE1A1005118E0 /* MVCChangeController.m */ = {isa = PBXFileReference; lastKnownFileType = sourcecode.c.objc; path = MVCChangeController.m; sourceTree = "<group>"; };
		F0BF2997246CE1BA005118E0 /* MVPController.h */ = {isa = PBXFileReference; lastKnownFileType = sourcecode.c.h; path = MVPController.h; sourceTree = "<group>"; };
		F0BF2998246CE1BA005118E0 /* MVPController.m */ = {isa = PBXFileReference; lastKnownFileType = sourcecode.c.objc; path = MVPController.m; sourceTree = "<group>"; };
		F0BF299A246CE1D8005118E0 /* MVVMController.h */ = {isa = PBXFileReference; lastKnownFileType = sourcecode.c.h; path = MVVMController.h; sourceTree = "<group>"; };
		F0BF299B246CE1D8005118E0 /* MVVMController.m */ = {isa = PBXFileReference; lastKnownFileType = sourcecode.c.objc; path = MVVMController.m; sourceTree = "<group>"; };
		F0BF299D246CE3A4005118E0 /* MVCAppleView.h */ = {isa = PBXFileReference; lastKnownFileType = sourcecode.c.h; path = MVCAppleView.h; sourceTree = "<group>"; };
		F0BF299E246CE3A4005118E0 /* MVCAppleView.m */ = {isa = PBXFileReference; lastKnownFileType = sourcecode.c.objc; path = MVCAppleView.m; sourceTree = "<group>"; };
		F0BF29A3246CE4AA005118E0 /* MVCAppleModel.m */ = {isa = PBXFileReference; fileEncoding = 4; lastKnownFileType = sourcecode.c.objc; path = MVCAppleModel.m; sourceTree = "<group>"; };
		F0BF29A4246CE4AA005118E0 /* MVCAppleModel.h */ = {isa = PBXFileReference; fileEncoding = 4; lastKnownFileType = sourcecode.c.h; path = MVCAppleModel.h; sourceTree = "<group>"; };
		F0BF29A6246CE53C005118E0 /* MVCChangeModel.h */ = {isa = PBXFileReference; lastKnownFileType = sourcecode.c.h; path = MVCChangeModel.h; sourceTree = "<group>"; };
		F0BF29A7246CE53C005118E0 /* MVCChangeModel.m */ = {isa = PBXFileReference; lastKnownFileType = sourcecode.c.objc; path = MVCChangeModel.m; sourceTree = "<group>"; };
		F0BF29A9246CE54E005118E0 /* MVCChangeView.h */ = {isa = PBXFileReference; lastKnownFileType = sourcecode.c.h; path = MVCChangeView.h; sourceTree = "<group>"; };
		F0BF29AA246CE54E005118E0 /* MVCChangeView.m */ = {isa = PBXFileReference; lastKnownFileType = sourcecode.c.objc; path = MVCChangeView.m; sourceTree = "<group>"; };
		F0BF29AC246CE662005118E0 /* MVPView.h */ = {isa = PBXFileReference; lastKnownFileType = sourcecode.c.h; path = MVPView.h; sourceTree = "<group>"; };
		F0BF29AD246CE662005118E0 /* MVPView.m */ = {isa = PBXFileReference; lastKnownFileType = sourcecode.c.objc; path = MVPView.m; sourceTree = "<group>"; };
		F0BF29AF246CE66E005118E0 /* MVPModel.h */ = {isa = PBXFileReference; lastKnownFileType = sourcecode.c.h; path = MVPModel.h; sourceTree = "<group>"; };
		F0BF29B0246CE66E005118E0 /* MVPModel.m */ = {isa = PBXFileReference; lastKnownFileType = sourcecode.c.objc; path = MVPModel.m; sourceTree = "<group>"; };
		F0BF29B2246CE67B005118E0 /* MVPPresent.h */ = {isa = PBXFileReference; lastKnownFileType = sourcecode.c.h; path = MVPPresent.h; sourceTree = "<group>"; };
		F0BF29B3246CE67B005118E0 /* MVPPresent.m */ = {isa = PBXFileReference; lastKnownFileType = sourcecode.c.objc; path = MVPPresent.m; sourceTree = "<group>"; };
		F0BF29B5246CE84E005118E0 /* MVVMModel.h */ = {isa = PBXFileReference; lastKnownFileType = sourcecode.c.h; path = MVVMModel.h; sourceTree = "<group>"; };
		F0BF29B6246CE84E005118E0 /* MVVMModel.m */ = {isa = PBXFileReference; lastKnownFileType = sourcecode.c.objc; path = MVVMModel.m; sourceTree = "<group>"; };
		F0BF29B8246CE85C005118E0 /* MVVMViewModel.h */ = {isa = PBXFileReference; lastKnownFileType = sourcecode.c.h; path = MVVMViewModel.h; sourceTree = "<group>"; };
		F0BF29B9246CE85C005118E0 /* MVVMViewModel.m */ = {isa = PBXFileReference; lastKnownFileType = sourcecode.c.objc; path = MVVMViewModel.m; sourceTree = "<group>"; };
		F0BF29BB246CE867005118E0 /* MVVMView.h */ = {isa = PBXFileReference; lastKnownFileType = sourcecode.c.h; path = MVVMView.h; sourceTree = "<group>"; };
		F0BF29BC246CE867005118E0 /* MVVMView.m */ = {isa = PBXFileReference; lastKnownFileType = sourcecode.c.objc; path = MVVMView.m; sourceTree = "<group>"; };
		F0BF29BF246CEA9F005118E0 /* FBKVOController.h */ = {isa = PBXFileReference; fileEncoding = 4; lastKnownFileType = sourcecode.c.h; path = FBKVOController.h; sourceTree = "<group>"; };
		F0BF29C0246CEA9F005118E0 /* NSObject+FBKVOController.m */ = {isa = PBXFileReference; fileEncoding = 4; lastKnownFileType = sourcecode.c.objc; path = "NSObject+FBKVOController.m"; sourceTree = "<group>"; };
		F0BF29C1246CEA9F005118E0 /* FBKVOController.m */ = {isa = PBXFileReference; fileEncoding = 4; lastKnownFileType = sourcecode.c.objc; path = FBKVOController.m; sourceTree = "<group>"; };
		F0BF29C2246CEA9F005118E0 /* NSObject+FBKVOController.h */ = {isa = PBXFileReference; fileEncoding = 4; lastKnownFileType = sourcecode.c.h; path = "NSObject+FBKVOController.h"; sourceTree = "<group>"; };
		F0BF3E54244FD05A0063B2B2 /* Animation动画.md */ = {isa = PBXFileReference; lastKnownFileType = net.daringfireball.markdown; path = "Animation动画.md"; sourceTree = "<group>"; };
		F0BF3E56244FD60C0063B2B2 /* AnimationController.h */ = {isa = PBXFileReference; lastKnownFileType = sourcecode.c.h; path = AnimationController.h; sourceTree = "<group>"; };
		F0BF3E57244FD60C0063B2B2 /* AnimationController.m */ = {isa = PBXFileReference; lastKnownFileType = sourcecode.c.objc; path = AnimationController.m; sourceTree = "<group>"; };
		F0C54985246E22D3000BFCD0 /* 性能优化相关.md */ = {isa = PBXFileReference; lastKnownFileType = net.daringfireball.markdown; path = "性能优化相关.md"; sourceTree = "<group>"; };
		F0C54987246E2308000BFCD0 /* PerformsController.h */ = {isa = PBXFileReference; lastKnownFileType = sourcecode.c.h; path = PerformsController.h; sourceTree = "<group>"; };
		F0C54988246E2308000BFCD0 /* PerformsController.m */ = {isa = PBXFileReference; lastKnownFileType = sourcecode.c.objc; path = PerformsController.m; sourceTree = "<group>"; };
		F0C81CB92463B80F00244FBD /* XZQPermenantThread.h */ = {isa = PBXFileReference; lastKnownFileType = sourcecode.c.h; path = XZQPermenantThread.h; sourceTree = "<group>"; };
		F0C81CBA2463B80F00244FBD /* XZQPermenantThread.m */ = {isa = PBXFileReference; lastKnownFileType = sourcecode.c.objc; path = XZQPermenantThread.m; sourceTree = "<group>"; };
		F0CF36E42459236400B55A23 /* BlockModel.h */ = {isa = PBXFileReference; lastKnownFileType = sourcecode.c.h; path = BlockModel.h; sourceTree = "<group>"; };
		F0CF36E52459236400B55A23 /* BlockModel.m */ = {isa = PBXFileReference; lastKnownFileType = sourcecode.c.objc; path = BlockModel.m; sourceTree = "<group>"; };
		F0D20FE82466398500F22A52 /* MultiThreadController.h */ = {isa = PBXFileReference; lastKnownFileType = sourcecode.c.h; path = MultiThreadController.h; sourceTree = "<group>"; };
		F0D20FE92466398500F22A52 /* MultiThreadController.m */ = {isa = PBXFileReference; lastKnownFileType = sourcecode.c.objc; path = MultiThreadController.m; sourceTree = "<group>"; };
		F0D20FEB24663C2C00F22A52 /* 多线程相关.md */ = {isa = PBXFileReference; lastKnownFileType = net.daringfireball.markdown; path = "多线程相关.md"; sourceTree = "<group>"; };
		F0E58E19245516DF00F77AAD /* KVO相关.md */ = {isa = PBXFileReference; lastKnownFileType = net.daringfireball.markdown; path = "KVO相关.md"; sourceTree = "<group>"; };
		F0E58E1A245516FD00F77AAD /* KVOController.h */ = {isa = PBXFileReference; lastKnownFileType = sourcecode.c.h; path = KVOController.h; sourceTree = "<group>"; };
		F0E58E1B245516FD00F77AAD /* KVOController.m */ = {isa = PBXFileReference; lastKnownFileType = sourcecode.c.objc; path = KVOController.m; sourceTree = "<group>"; };
		F0E58E1E2455177100F77AAD /* KVC相关.md */ = {isa = PBXFileReference; lastKnownFileType = net.daringfireball.markdown; path = "KVC相关.md"; sourceTree = "<group>"; };
		F0E58E202455178B00F77AAD /* KVCController.h */ = {isa = PBXFileReference; lastKnownFileType = sourcecode.c.h; path = KVCController.h; sourceTree = "<group>"; };
		F0E58E212455178B00F77AAD /* KVCController.m */ = {isa = PBXFileReference; lastKnownFileType = sourcecode.c.objc; path = KVCController.m; sourceTree = "<group>"; };
		F0E58E242455270100F77AAD /* KVCModel.h */ = {isa = PBXFileReference; lastKnownFileType = sourcecode.c.h; path = KVCModel.h; sourceTree = "<group>"; };
		F0E58E252455270100F77AAD /* KVCModel.m */ = {isa = PBXFileReference; lastKnownFileType = sourcecode.c.objc; path = KVCModel.m; sourceTree = "<group>"; };
		F0EE80562456700200B4F264 /* 分类Category相关.md */ = {isa = PBXFileReference; lastKnownFileType = net.daringfireball.markdown; path = "分类Category相关.md"; sourceTree = "<group>"; };
		F0EE80572456702100B4F264 /* CategoryController.h */ = {isa = PBXFileReference; lastKnownFileType = sourcecode.c.h; path = CategoryController.h; sourceTree = "<group>"; };
		F0EE80582456702100B4F264 /* CategoryController.m */ = {isa = PBXFileReference; lastKnownFileType = sourcecode.c.objc; path = CategoryController.m; sourceTree = "<group>"; };
		F0EE805B245686D700B4F264 /* CategoryFirstModel.h */ = {isa = PBXFileReference; lastKnownFileType = sourcecode.c.h; path = CategoryFirstModel.h; sourceTree = "<group>"; };
		F0EE805C245686D700B4F264 /* CategoryFirstModel.m */ = {isa = PBXFileReference; lastKnownFileType = sourcecode.c.objc; path = CategoryFirstModel.m; sourceTree = "<group>"; };
		F0EE805E245686E200B4F264 /* CategorySecondModel.h */ = {isa = PBXFileReference; lastKnownFileType = sourcecode.c.h; path = CategorySecondModel.h; sourceTree = "<group>"; };
		F0EE805F245686E200B4F264 /* CategorySecondModel.m */ = {isa = PBXFileReference; lastKnownFileType = sourcecode.c.objc; path = CategorySecondModel.m; sourceTree = "<group>"; };
		F0EE8061245686EF00B4F264 /* CategoryFirstSubModel.h */ = {isa = PBXFileReference; lastKnownFileType = sourcecode.c.h; path = CategoryFirstSubModel.h; sourceTree = "<group>"; };
		F0EE8062245686EF00B4F264 /* CategoryFirstSubModel.m */ = {isa = PBXFileReference; lastKnownFileType = sourcecode.c.objc; path = CategoryFirstSubModel.m; sourceTree = "<group>"; };
		F0EE80642456872000B4F264 /* CategoryFirstModel+One.h */ = {isa = PBXFileReference; lastKnownFileType = sourcecode.c.h; path = "CategoryFirstModel+One.h"; sourceTree = "<group>"; };
		F0EE80652456872000B4F264 /* CategoryFirstModel+One.m */ = {isa = PBXFileReference; lastKnownFileType = sourcecode.c.objc; path = "CategoryFirstModel+One.m"; sourceTree = "<group>"; };
		F0EE80672456872900B4F264 /* CategoryFirstModel+Two.h */ = {isa = PBXFileReference; lastKnownFileType = sourcecode.c.h; path = "CategoryFirstModel+Two.h"; sourceTree = "<group>"; };
		F0EE80682456872900B4F264 /* CategoryFirstModel+Two.m */ = {isa = PBXFileReference; lastKnownFileType = sourcecode.c.objc; path = "CategoryFirstModel+Two.m"; sourceTree = "<group>"; };
		F0EE806D24568E2C00B4F264 /* CategoryFirstSubModel+One.h */ = {isa = PBXFileReference; lastKnownFileType = sourcecode.c.h; path = "CategoryFirstSubModel+One.h"; sourceTree = "<group>"; };
		F0EE806E24568E2C00B4F264 /* CategoryFirstSubModel+One.m */ = {isa = PBXFileReference; lastKnownFileType = sourcecode.c.objc; path = "CategoryFirstSubModel+One.m"; sourceTree = "<group>"; };
		F0EE80722456AB4F00B4F264 /* UIViewController+BackItem.h */ = {isa = PBXFileReference; lastKnownFileType = sourcecode.c.h; name = "UIViewController+BackItem.h"; path = "iOS-Interview/Utils/UIViewController+BackItem.h"; sourceTree = SOURCE_ROOT; };
		F0EE80732456AB4F00B4F264 /* UIViewController+BackItem.m */ = {isa = PBXFileReference; lastKnownFileType = sourcecode.c.objc; name = "UIViewController+BackItem.m"; path = "iOS-Interview/Utils/UIViewController+BackItem.m"; sourceTree = SOURCE_ROOT; };
/* End PBXFileReference section */

/* Begin PBXFrameworksBuildPhase section */
		F0244ACC244EA03200897508 /* Frameworks */ = {
			isa = PBXFrameworksBuildPhase;
			buildActionMask = 2147483647;
			files = (
				417D2F17522F057F47C8773D /* libPods-iOS-Interview.a in Frameworks */,
			);
			runOnlyForDeploymentPostprocessing = 0;
		};
/* End PBXFrameworksBuildPhase section */

/* Begin PBXGroup section */
		498989B8376FD2F21E1A3F24 /* Pods */ = {
			isa = PBXGroup;
			children = (
				1CC42787D1EAB1DC65A3EDAC /* Pods-iOS-Interview.debug.xcconfig */,
				118DEDBB9BAEC22022259DC4 /* Pods-iOS-Interview.release.xcconfig */,
			);
			path = Pods;
			sourceTree = "<group>";
		};
		D82F34E668743AB4E8A4C120 /* Frameworks */ = {
			isa = PBXGroup;
			children = (
				B1264DF5A552B65E9CF7A332 /* libPods-iOS-Interview.a */,
			);
			name = Frameworks;
			sourceTree = "<group>";
		};
		F0171612246A89A3008DC9AC /* Model */ = {
			isa = PBXGroup;
			children = (
				F0171613246A89BD008DC9AC /* CopyModel.h */,
				F0171614246A89BD008DC9AC /* CopyModel.m */,
				F0171616246A975B008DC9AC /* XZQProxy.h */,
				F0171617246A975B008DC9AC /* XZQProxy.m */,
				F0171619246A987B008DC9AC /* XZQProxy2.h */,
				F017161A246A987B008DC9AC /* XZQProxy2.m */,
			);
			path = Model;
			sourceTree = "<group>";
		};
		F0244AC6244EA03200897508 = {
			isa = PBXGroup;
			children = (
				F0244AEB244EA1E300897508 /* README.md */,
				F0244AD1244EA03200897508 /* iOS-Interview */,
				F0244AD0244EA03200897508 /* Products */,
				498989B8376FD2F21E1A3F24 /* Pods */,
				D82F34E668743AB4E8A4C120 /* Frameworks */,
			);
			sourceTree = "<group>";
		};
		F0244AD0244EA03200897508 /* Products */ = {
			isa = PBXGroup;
			children = (
				F0244ACF244EA03200897508 /* iOS-Interview.app */,
			);
			name = Products;
			sourceTree = "<group>";
		};
		F0244AD1244EA03200897508 /* iOS-Interview */ = {
			isa = PBXGroup;
			children = (
				F0EE80702456AB3300B4F264 /* Utils */,
				F0B7C523244EBE920066546F /* UI相关 */,
				F0BF3E53244FD03E0063B2B2 /* Animation动画 */,
				F0A126BE245129860001F8D7 /* OC对象底层 */,
				F03F8885245273A5008C1E95 /* OC语言 */,
				F03F888C24528A6F008C1E95 /* 消息传递方式 */,
				F0E58E17245516BC00F77AAD /* KVO相关 */,
				F0E58E1D2455175F00F77AAD /* KVC相关 */,
				F0EE805424566FDA00B4F264 /* 分类Category相关 */,
				F05DD0AD2457BDBE006DE571 /* block相关 */,
				F0B94A6D245A5C1000003376 /* Runtime相关 */,
				F0B0E0FA24625B7F00E2FFC5 /* RunLoop相关 */,
				F0D20FE62466394E00F22A52 /* 多线程相关 */,
				F07E5896246A33C500BCC2F5 /* 内存管理相关 */,
				F0BF2987246CD592005118E0 /* 项目架构与架构设计 */,
				F0C54984246E22BD000BFCD0 /* 性能优化相关 */,
				F0244AD2244EA03200897508 /* AppDelegate.h */,
				F0244AD3244EA03200897508 /* AppDelegate.m */,
				F0244AD5244EA03200897508 /* SceneDelegate.h */,
				F0244AD6244EA03200897508 /* SceneDelegate.m */,
				F0244AD8244EA03200897508 /* ViewController.h */,
				F0244AD9244EA03200897508 /* ViewController.m */,
				F0244ADB244EA03200897508 /* Main.storyboard */,
				F0244ADE244EA03400897508 /* Assets.xcassets */,
				F0244AE0244EA03400897508 /* LaunchScreen.storyboard */,
				F0244AE3244EA03400897508 /* Info.plist */,
				F0244AE4244EA03400897508 /* main.m */,
			);
			path = "iOS-Interview";
			sourceTree = "<group>";
		};
		F03F8885245273A5008C1E95 /* OC语言 */ = {
			isa = PBXGroup;
			children = (
				F03F8886245273B8008C1E95 /* OC语言.md */,
				F03F8888245273D0008C1E95 /* Controller */,
			);
			path = "OC语言";
			sourceTree = "<group>";
		};
		F03F8887245273C2008C1E95 /* Controller */ = {
			isa = PBXGroup;
			children = (
				F0A126C0245134130001F8D7 /* OCGroundController.h */,
				F0A126C1245134130001F8D7 /* OCGroundController.m */,
			);
			path = Controller;
			sourceTree = "<group>";
		};
		F03F8888245273D0008C1E95 /* Controller */ = {
			isa = PBXGroup;
			children = (
				F03F8889245273FD008C1E95 /* OCLanguageController.h */,
				F03F888A245273FD008C1E95 /* OCLanguageController.m */,
			);
			path = Controller;
			sourceTree = "<group>";
		};
		F03F888C24528A6F008C1E95 /* 消息传递方式 */ = {
			isa = PBXGroup;
			children = (
				F03F888E24528A8F008C1E95 /* 消息传递方式.md */,
				F03F888D24528A7B008C1E95 /* Controller */,
			);
			path = "消息传递方式";
			sourceTree = "<group>";
		};
		F03F888D24528A7B008C1E95 /* Controller */ = {
			isa = PBXGroup;
			children = (
				F03F888F24528AB4008C1E95 /* MessagePassController.h */,
				F03F889024528AB4008C1E95 /* MessagePassController.m */,
			);
			path = Controller;
			sourceTree = "<group>";
		};
		F05DD0AD2457BDBE006DE571 /* block相关 */ = {
			isa = PBXGroup;
			children = (
				F05DD0AE2457BDD8006DE571 /* block相关.md */,
				F0CF36E32459235300B55A23 /* Model */,
				F05DD0AF2457BDE0006DE571 /* Controller */,
			);
			path = "block相关";
			sourceTree = "<group>";
		};
		F05DD0AF2457BDE0006DE571 /* Controller */ = {
			isa = PBXGroup;
			children = (
				F05DD0B02457BDF7006DE571 /* BlockController.h */,
				F05DD0B12457BDF7006DE571 /* BlockController.m */,
			);
			path = Controller;
			sourceTree = "<group>";
		};
		F07E5896246A33C500BCC2F5 /* 内存管理相关 */ = {
			isa = PBXGroup;
			children = (
				F07E589B246A35E500BCC2F5 /* 内存管理相关.md */,
				F0171612246A89A3008DC9AC /* Model */,
				F07E5897246A33DD00BCC2F5 /* Controller */,
			);
			path = "内存管理相关";
			sourceTree = "<group>";
		};
		F07E5897246A33DD00BCC2F5 /* Controller */ = {
			isa = PBXGroup;
			children = (
				F07E5898246A340600BCC2F5 /* MemeryManageController.h */,
				F07E5899246A340600BCC2F5 /* MemeryManageController.m */,
			);
			path = Controller;
			sourceTree = "<group>";
		};
		F0A126BE245129860001F8D7 /* OC对象底层 */ = {
			isa = PBXGroup;
			children = (
				F0A126BF24512A3A0001F8D7 /* OC对象底层.md */,
				F03F8887245273C2008C1E95 /* Controller */,
			);
			path = "OC对象底层";
			sourceTree = "<group>";
		};
		F0B0E0FA24625B7F00E2FFC5 /* RunLoop相关 */ = {
			isa = PBXGroup;
			children = (
				F0B0E0FF24625BED00E2FFC5 /* RunLoop相关.md */,
				F0C81CB82463B7EE00244FBD /* 线程保活(常驻线程) */,
				F0B0E0FB24625B9400E2FFC5 /* Controller */,
			);
			path = "RunLoop相关";
			sourceTree = "<group>";
		};
		F0B0E0FB24625B9400E2FFC5 /* Controller */ = {
			isa = PBXGroup;
			children = (
				F0B0E0FC24625BA700E2FFC5 /* RunLoopController.h */,
				F0B0E0FD24625BA700E2FFC5 /* RunLoopController.m */,
			);
			path = Controller;
			sourceTree = "<group>";
		};
		F0B7C523244EBE920066546F /* UI相关 */ = {
			isa = PBXGroup;
			children = (
				F0B7C524244EBEA50066546F /* UI相关.md */,
				F0B7C529244EDB140066546F /* View */,
				F0B7C525244ECAA80066546F /* Controller */,
			);
			path = "UI相关";
			sourceTree = "<group>";
		};
		F0B7C525244ECAA80066546F /* Controller */ = {
			isa = PBXGroup;
			children = (
				F0B7C526244ECAC50066546F /* UIController.h */,
				F0B7C527244ECAC50066546F /* UIController.m */,
			);
			path = Controller;
			sourceTree = "<group>";
		};
		F0B7C529244EDB140066546F /* View */ = {
			isa = PBXGroup;
			children = (
				F0B7C52A244EDB2C0066546F /* XZQButton.h */,
				F0B7C52B244EDB2C0066546F /* XZQButton.m */,
				F0B7C52D244EDF780066546F /* XZQView.h */,
				F0B7C52E244EDF780066546F /* XZQView.m */,
			);
			path = View;
			sourceTree = "<group>";
		};
		F0B94A6D245A5C1000003376 /* Runtime相关 */ = {
			isa = PBXGroup;
			children = (
				F0B94A72245A5C4900003376 /* Runtime相关.md */,
				F0B94A73245A7BF700003376 /* Model */,
				F0B94A6E245A5C1E00003376 /* Controller */,
			);
			path = "Runtime相关";
			sourceTree = "<group>";
		};
		F0B94A6E245A5C1E00003376 /* Controller */ = {
			isa = PBXGroup;
			children = (
				F0B94A6F245A5C3E00003376 /* RuntimeController.h */,
				F0B94A70245A5C3E00003376 /* RuntimeController.m */,
			);
			path = Controller;
			sourceTree = "<group>";
		};
		F0B94A73245A7BF700003376 /* Model */ = {
			isa = PBXGroup;
			children = (
				F0B94A74245A7C0A00003376 /* RuntimeModel.h */,
				F0B94A75245A7C0A00003376 /* RuntimeModel.m */,
				F0B94A77245A7EBF00003376 /* TargetModel.h */,
				F0B94A78245A7EBF00003376 /* TargetModel.m */,
			);
			path = Model;
			sourceTree = "<group>";
		};
		F0BF2987246CD592005118E0 /* 项目架构与架构设计 */ = {
			isa = PBXGroup;
			children = (
				F0BF2988246CD5ED005118E0 /* 项目架构与架构设计.md */,
				F0BF298D246CDFF9005118E0 /* MVC-Apple */,
				F0BF298E246CE001005118E0 /* MVC变种 */,
				F0BF298F246CE010005118E0 /* MVP */,
				F0BF2990246CE016005118E0 /* MVVM */,
				F0BF2989246CD5FB005118E0 /* Controller */,
			);
			path = "项目架构与架构设计";
			sourceTree = "<group>";
		};
		F0BF2989246CD5FB005118E0 /* Controller */ = {
			isa = PBXGroup;
			children = (
				F0BF298A246CD66E005118E0 /* InfrastructureController.h */,
				F0BF298B246CD66E005118E0 /* InfrastructureController.m */,
			);
			path = Controller;
			sourceTree = "<group>";
		};
		F0BF298D246CDFF9005118E0 /* MVC-Apple */ = {
			isa = PBXGroup;
			children = (
				F0BF2991246CE175005118E0 /* MVCAppleController.h */,
				F0BF2992246CE175005118E0 /* MVCAppleController.m */,
				F0BF299D246CE3A4005118E0 /* MVCAppleView.h */,
				F0BF299E246CE3A4005118E0 /* MVCAppleView.m */,
				F0BF29A4246CE4AA005118E0 /* MVCAppleModel.h */,
				F0BF29A3246CE4AA005118E0 /* MVCAppleModel.m */,
			);
			path = "MVC-Apple";
			sourceTree = "<group>";
		};
		F0BF298E246CE001005118E0 /* MVC变种 */ = {
			isa = PBXGroup;
			children = (
				F0BF2994246CE1A1005118E0 /* MVCChangeController.h */,
				F0BF2995246CE1A1005118E0 /* MVCChangeController.m */,
				F0BF29A6246CE53C005118E0 /* MVCChangeModel.h */,
				F0BF29A7246CE53C005118E0 /* MVCChangeModel.m */,
				F0BF29A9246CE54E005118E0 /* MVCChangeView.h */,
				F0BF29AA246CE54E005118E0 /* MVCChangeView.m */,
			);
			path = "MVC变种";
			sourceTree = "<group>";
		};
		F0BF298F246CE010005118E0 /* MVP */ = {
			isa = PBXGroup;
			children = (
				F0BF2997246CE1BA005118E0 /* MVPController.h */,
				F0BF2998246CE1BA005118E0 /* MVPController.m */,
				F0BF29AC246CE662005118E0 /* MVPView.h */,
				F0BF29AD246CE662005118E0 /* MVPView.m */,
				F0BF29AF246CE66E005118E0 /* MVPModel.h */,
				F0BF29B0246CE66E005118E0 /* MVPModel.m */,
				F0BF29B2246CE67B005118E0 /* MVPPresent.h */,
				F0BF29B3246CE67B005118E0 /* MVPPresent.m */,
			);
			path = MVP;
			sourceTree = "<group>";
		};
		F0BF2990246CE016005118E0 /* MVVM */ = {
			isa = PBXGroup;
			children = (
				F0BF29BE246CEA9F005118E0 /* KVOController */,
				F0BF299A246CE1D8005118E0 /* MVVMController.h */,
				F0BF299B246CE1D8005118E0 /* MVVMController.m */,
				F0BF29B5246CE84E005118E0 /* MVVMModel.h */,
				F0BF29B6246CE84E005118E0 /* MVVMModel.m */,
				F0BF29B8246CE85C005118E0 /* MVVMViewModel.h */,
				F0BF29B9246CE85C005118E0 /* MVVMViewModel.m */,
				F0BF29BB246CE867005118E0 /* MVVMView.h */,
				F0BF29BC246CE867005118E0 /* MVVMView.m */,
			);
			path = MVVM;
			sourceTree = "<group>";
		};
		F0BF29BE246CEA9F005118E0 /* KVOController */ = {
			isa = PBXGroup;
			children = (
				F0BF29BF246CEA9F005118E0 /* FBKVOController.h */,
				F0BF29C1246CEA9F005118E0 /* FBKVOController.m */,
				F0BF29C0246CEA9F005118E0 /* NSObject+FBKVOController.m */,
				F0BF29C2246CEA9F005118E0 /* NSObject+FBKVOController.h */,
			);
			path = KVOController;
			sourceTree = "<group>";
		};
		F0BF3E53244FD03E0063B2B2 /* Animation动画 */ = {
			isa = PBXGroup;
			children = (
				F0BF3E54244FD05A0063B2B2 /* Animation动画.md */,
				F0BF3E55244FD5E30063B2B2 /* Controller */,
			);
			path = "Animation动画";
			sourceTree = "<group>";
		};
		F0BF3E55244FD5E30063B2B2 /* Controller */ = {
			isa = PBXGroup;
			children = (
				F0BF3E56244FD60C0063B2B2 /* AnimationController.h */,
				F0BF3E57244FD60C0063B2B2 /* AnimationController.m */,
			);
			path = Controller;
			sourceTree = "<group>";
		};
		F0C54984246E22BD000BFCD0 /* 性能优化相关 */ = {
			isa = PBXGroup;
			children = (
				F0C54985246E22D3000BFCD0 /* 性能优化相关.md */,
				F0C54986246E22DD000BFCD0 /* Controller */,
			);
			path = "性能优化相关";
			sourceTree = "<group>";
		};
		F0C54986246E22DD000BFCD0 /* Controller */ = {
			isa = PBXGroup;
			children = (
				F0C54987246E2308000BFCD0 /* PerformsController.h */,
				F0C54988246E2308000BFCD0 /* PerformsController.m */,
			);
			path = Controller;
			sourceTree = "<group>";
		};
		F0C81CB82463B7EE00244FBD /* 线程保活(常驻线程) */ = {
			isa = PBXGroup;
			children = (
				F0C81CB92463B80F00244FBD /* XZQPermenantThread.h */,
				F0C81CBA2463B80F00244FBD /* XZQPermenantThread.m */,
			);
			path = "线程保活(常驻线程)";
			sourceTree = "<group>";
		};
		F0CF36E32459235300B55A23 /* Model */ = {
			isa = PBXGroup;
			children = (
				F0CF36E42459236400B55A23 /* BlockModel.h */,
				F0CF36E52459236400B55A23 /* BlockModel.m */,
			);
			path = Model;
			sourceTree = "<group>";
		};
		F0D20FE62466394E00F22A52 /* 多线程相关 */ = {
			isa = PBXGroup;
			children = (
				F0D20FEB24663C2C00F22A52 /* 多线程相关.md */,
				F0D20FE72466395700F22A52 /* Controller */,
			);
			path = "多线程相关";
			sourceTree = "<group>";
		};
		F0D20FE72466395700F22A52 /* Controller */ = {
			isa = PBXGroup;
			children = (
				F0D20FE82466398500F22A52 /* MultiThreadController.h */,
				F0D20FE92466398500F22A52 /* MultiThreadController.m */,
			);
			path = Controller;
			sourceTree = "<group>";
		};
		F0E58E17245516BC00F77AAD /* KVO相关 */ = {
			isa = PBXGroup;
			children = (
				F0E58E19245516DF00F77AAD /* KVO相关.md */,
				F0E58E18245516C900F77AAD /* Controller */,
			);
			path = "KVO相关";
			sourceTree = "<group>";
		};
		F0E58E18245516C900F77AAD /* Controller */ = {
			isa = PBXGroup;
			children = (
				F0E58E1A245516FD00F77AAD /* KVOController.h */,
				F0E58E1B245516FD00F77AAD /* KVOController.m */,
			);
			path = Controller;
			sourceTree = "<group>";
		};
		F0E58E1D2455175F00F77AAD /* KVC相关 */ = {
			isa = PBXGroup;
			children = (
				F0E58E1E2455177100F77AAD /* KVC相关.md */,
				F0E58E23245526E400F77AAD /* Model */,
				F0E58E1F2455177A00F77AAD /* Controller */,
			);
			path = "KVC相关";
			sourceTree = "<group>";
		};
		F0E58E1F2455177A00F77AAD /* Controller */ = {
			isa = PBXGroup;
			children = (
				F0E58E202455178B00F77AAD /* KVCController.h */,
				F0E58E212455178B00F77AAD /* KVCController.m */,
			);
			path = Controller;
			sourceTree = "<group>";
		};
		F0E58E23245526E400F77AAD /* Model */ = {
			isa = PBXGroup;
			children = (
				F0E58E242455270100F77AAD /* KVCModel.h */,
				F0E58E252455270100F77AAD /* KVCModel.m */,
			);
			path = Model;
			sourceTree = "<group>";
		};
		F0EE805424566FDA00B4F264 /* 分类Category相关 */ = {
			isa = PBXGroup;
			children = (
				F0EE80562456700200B4F264 /* 分类Category相关.md */,
				F0EE805A245686AD00B4F264 /* Model */,
				F0EE805524566FEB00B4F264 /* Controller */,
			);
			path = "分类Category相关";
			sourceTree = "<group>";
		};
		F0EE805524566FEB00B4F264 /* Controller */ = {
			isa = PBXGroup;
			children = (
				F0EE80572456702100B4F264 /* CategoryController.h */,
				F0EE80582456702100B4F264 /* CategoryController.m */,
			);
			path = Controller;
			sourceTree = "<group>";
		};
		F0EE805A245686AD00B4F264 /* Model */ = {
			isa = PBXGroup;
			children = (
				F0EE805B245686D700B4F264 /* CategoryFirstModel.h */,
				F0EE805C245686D700B4F264 /* CategoryFirstModel.m */,
				F0EE805E245686E200B4F264 /* CategorySecondModel.h */,
				F0EE805F245686E200B4F264 /* CategorySecondModel.m */,
				F0EE8061245686EF00B4F264 /* CategoryFirstSubModel.h */,
				F0EE8062245686EF00B4F264 /* CategoryFirstSubModel.m */,
				F0EE80642456872000B4F264 /* CategoryFirstModel+One.h */,
				F0EE80652456872000B4F264 /* CategoryFirstModel+One.m */,
				F0EE80672456872900B4F264 /* CategoryFirstModel+Two.h */,
				F0EE80682456872900B4F264 /* CategoryFirstModel+Two.m */,
				F0EE806D24568E2C00B4F264 /* CategoryFirstSubModel+One.h */,
				F0EE806E24568E2C00B4F264 /* CategoryFirstSubModel+One.m */,
			);
			path = Model;
			sourceTree = "<group>";
		};
		F0EE80702456AB3300B4F264 /* Utils */ = {
			isa = PBXGroup;
			children = (
				F0EE80712456AB3A00B4F264 /* Category */,
			);
			path = Utils;
			sourceTree = "<group>";
		};
		F0EE80712456AB3A00B4F264 /* Category */ = {
			isa = PBXGroup;
			children = (
				F0EE80722456AB4F00B4F264 /* UIViewController+BackItem.h */,
				F0EE80732456AB4F00B4F264 /* UIViewController+BackItem.m */,
			);
			path = Category;
			sourceTree = "<group>";
		};
/* End PBXGroup section */

/* Begin PBXNativeTarget section */
		F0244ACE244EA03200897508 /* iOS-Interview */ = {
			isa = PBXNativeTarget;
			buildConfigurationList = F0244AE8244EA03400897508 /* Build configuration list for PBXNativeTarget "iOS-Interview" */;
			buildPhases = (
				147516F4A85A9FDE07C3B4E8 /* [CP] Check Pods Manifest.lock */,
				F0244ACB244EA03200897508 /* Sources */,
				F0244ACC244EA03200897508 /* Frameworks */,
				F0244ACD244EA03200897508 /* Resources */,
			);
			buildRules = (
			);
			dependencies = (
			);
			name = "iOS-Interview";
			productName = "iOS-Interview";
			productReference = F0244ACF244EA03200897508 /* iOS-Interview.app */;
			productType = "com.apple.product-type.application";
		};
/* End PBXNativeTarget section */

/* Begin PBXProject section */
		F0244AC7244EA03200897508 /* Project object */ = {
			isa = PBXProject;
			attributes = {
				LastUpgradeCheck = 1130;
				ORGANIZATIONNAME = Xuzq;
				TargetAttributes = {
					F0244ACE244EA03200897508 = {
						CreatedOnToolsVersion = 11.3.1;
					};
				};
			};
			buildConfigurationList = F0244ACA244EA03200897508 /* Build configuration list for PBXProject "iOS-Interview" */;
			compatibilityVersion = "Xcode 9.3";
			developmentRegion = en;
			hasScannedForEncodings = 0;
			knownRegions = (
				en,
				Base,
			);
			mainGroup = F0244AC6244EA03200897508;
			productRefGroup = F0244AD0244EA03200897508 /* Products */;
			projectDirPath = "";
			projectRoot = "";
			targets = (
				F0244ACE244EA03200897508 /* iOS-Interview */,
			);
		};
/* End PBXProject section */

/* Begin PBXResourcesBuildPhase section */
		F0244ACD244EA03200897508 /* Resources */ = {
			isa = PBXResourcesBuildPhase;
			buildActionMask = 2147483647;
			files = (
				F0244AE2244EA03400897508 /* LaunchScreen.storyboard in Resources */,
				F0244ADF244EA03400897508 /* Assets.xcassets in Resources */,
				F0244AEC244EA1E300897508 /* README.md in Resources */,
				F0244ADD244EA03200897508 /* Main.storyboard in Resources */,
			);
			runOnlyForDeploymentPostprocessing = 0;
		};
/* End PBXResourcesBuildPhase section */

/* Begin PBXShellScriptBuildPhase section */
		147516F4A85A9FDE07C3B4E8 /* [CP] Check Pods Manifest.lock */ = {
			isa = PBXShellScriptBuildPhase;
			buildActionMask = 2147483647;
			files = (
			);
			inputFileListPaths = (
			);
			inputPaths = (
				"${PODS_PODFILE_DIR_PATH}/Podfile.lock",
				"${PODS_ROOT}/Manifest.lock",
			);
			name = "[CP] Check Pods Manifest.lock";
			outputFileListPaths = (
			);
			outputPaths = (
				"$(DERIVED_FILE_DIR)/Pods-iOS-Interview-checkManifestLockResult.txt",
			);
			runOnlyForDeploymentPostprocessing = 0;
			shellPath = /bin/sh;
			shellScript = "diff \"${PODS_PODFILE_DIR_PATH}/Podfile.lock\" \"${PODS_ROOT}/Manifest.lock\" > /dev/null\nif [ $? != 0 ] ; then\n    # print error to STDERR\n    echo \"error: The sandbox is not in sync with the Podfile.lock. Run 'pod install' or update your CocoaPods installation.\" >&2\n    exit 1\nfi\n# This output is used by Xcode 'outputs' to avoid re-running this script phase.\necho \"SUCCESS\" > \"${SCRIPT_OUTPUT_FILE_0}\"\n";
			showEnvVarsInLog = 0;
		};
/* End PBXShellScriptBuildPhase section */

/* Begin PBXSourcesBuildPhase section */
		F0244ACB244EA03200897508 /* Sources */ = {
			isa = PBXSourcesBuildPhase;
			buildActionMask = 2147483647;
			files = (
				F0E58E262455270100F77AAD /* KVCModel.m in Sources */,
				F0BF299C246CE1D8005118E0 /* MVVMController.m in Sources */,
				F0BF29AB246CE54E005118E0 /* MVCChangeView.m in Sources */,
				F0B7C528244ECAC50066546F /* UIController.m in Sources */,
				F0BF29A5246CE4AA005118E0 /* MVCAppleModel.m in Sources */,
				F0B94A76245A7C0A00003376 /* RuntimeModel.m in Sources */,
				F0BF299F246CE3A4005118E0 /* MVCAppleView.m in Sources */,
				F0BF29A8246CE53C005118E0 /* MVCChangeModel.m in Sources */,
				F0171618246A975B008DC9AC /* XZQProxy.m in Sources */,
				F0BF29B4246CE67B005118E0 /* MVPPresent.m in Sources */,
				F0EE80742456AB4F00B4F264 /* UIViewController+BackItem.m in Sources */,
				F03F888B245273FD008C1E95 /* OCLanguageController.m in Sources */,
				F0BF29BD246CE867005118E0 /* MVVMView.m in Sources */,
				F0E58E1C245516FD00F77AAD /* KVOController.m in Sources */,
				F0C81CBB2463B80F00244FBD /* XZQPermenantThread.m in Sources */,
				F0B7C52F244EDF780066546F /* XZQView.m in Sources */,
				F0B94A71245A5C3E00003376 /* RuntimeController.m in Sources */,
				F0B7C52C244EDB2C0066546F /* XZQButton.m in Sources */,
				F0EE8060245686E200B4F264 /* CategorySecondModel.m in Sources */,
				F0BF29B7246CE84E005118E0 /* MVVMModel.m in Sources */,
				F0D20FEA2466398500F22A52 /* MultiThreadController.m in Sources */,
				F0EE8063245686EF00B4F264 /* CategoryFirstSubModel.m in Sources */,
				F07E589A246A340600BCC2F5 /* MemeryManageController.m in Sources */,
				F05DD0B22457BDF7006DE571 /* BlockController.m in Sources */,
				F0EE806F24568E2C00B4F264 /* CategoryFirstSubModel+One.m in Sources */,
				F0BF29AE246CE662005118E0 /* MVPView.m in Sources */,
				F0CF36E62459236400B55A23 /* BlockModel.m in Sources */,
				F0EE805D245686D700B4F264 /* CategoryFirstModel.m in Sources */,
				F0171615246A89BD008DC9AC /* CopyModel.m in Sources */,
				F0244ADA244EA03200897508 /* ViewController.m in Sources */,
				F0BF298C246CD66E005118E0 /* InfrastructureController.m in Sources */,
				F0B94A79245A7EBF00003376 /* TargetModel.m in Sources */,
				F0BF3E58244FD60C0063B2B2 /* AnimationController.m in Sources */,
				F0C54989246E2308000BFCD0 /* PerformsController.m in Sources */,
				F0BF2996246CE1A1005118E0 /* MVCChangeController.m in Sources */,
				F0E58E222455178B00F77AAD /* KVCController.m in Sources */,
				F0EE80692456872900B4F264 /* CategoryFirstModel+Two.m in Sources */,
				F0244AD4244EA03200897508 /* AppDelegate.m in Sources */,
				F0BF2993246CE175005118E0 /* MVCAppleController.m in Sources */,
				F0EE80662456872000B4F264 /* CategoryFirstModel+One.m in Sources */,
				F017161B246A987B008DC9AC /* XZQProxy2.m in Sources */,
				F0244AE5244EA03400897508 /* main.m in Sources */,
				F0EE80592456702100B4F264 /* CategoryController.m in Sources */,
				F0244AD7244EA03200897508 /* SceneDelegate.m in Sources */,
				F0B0E0FE24625BA700E2FFC5 /* RunLoopController.m in Sources */,
				F0BF29B1246CE66E005118E0 /* MVPModel.m in Sources */,
				F0BF29BA246CE85C005118E0 /* MVVMViewModel.m in Sources */,
				F0BF29C4246CEA9F005118E0 /* FBKVOController.m in Sources */,
				F0BF29C3246CEA9F005118E0 /* NSObject+FBKVOController.m in Sources */,
				F03F889124528AB4008C1E95 /* MessagePassController.m in Sources */,
				F0A126C2245134130001F8D7 /* OCGroundController.m in Sources */,
				F0BF2999246CE1BA005118E0 /* MVPController.m in Sources */,
			);
			runOnlyForDeploymentPostprocessing = 0;
		};
/* End PBXSourcesBuildPhase section */

/* Begin PBXVariantGroup section */
		F0244ADB244EA03200897508 /* Main.storyboard */ = {
			isa = PBXVariantGroup;
			children = (
				F0244ADC244EA03200897508 /* Base */,
			);
			name = Main.storyboard;
			sourceTree = "<group>";
		};
		F0244AE0244EA03400897508 /* LaunchScreen.storyboard */ = {
			isa = PBXVariantGroup;
			children = (
				F0244AE1244EA03400897508 /* Base */,
			);
			name = LaunchScreen.storyboard;
			sourceTree = "<group>";
		};
/* End PBXVariantGroup section */

/* Begin XCBuildConfiguration section */
		F0244AE6244EA03400897508 /* Debug */ = {
			isa = XCBuildConfiguration;
			buildSettings = {
				ALWAYS_SEARCH_USER_PATHS = NO;
				CLANG_ANALYZER_NONNULL = YES;
				CLANG_ANALYZER_NUMBER_OBJECT_CONVERSION = YES_AGGRESSIVE;
				CLANG_CXX_LANGUAGE_STANDARD = "gnu++14";
				CLANG_CXX_LIBRARY = "libc++";
				CLANG_ENABLE_MODULES = YES;
				CLANG_ENABLE_OBJC_ARC = YES;
				CLANG_ENABLE_OBJC_WEAK = YES;
				CLANG_WARN_BLOCK_CAPTURE_AUTORELEASING = YES;
				CLANG_WARN_BOOL_CONVERSION = YES;
				CLANG_WARN_COMMA = YES;
				CLANG_WARN_CONSTANT_CONVERSION = YES;
				CLANG_WARN_DEPRECATED_OBJC_IMPLEMENTATIONS = YES;
				CLANG_WARN_DIRECT_OBJC_ISA_USAGE = YES_ERROR;
				CLANG_WARN_DOCUMENTATION_COMMENTS = YES;
				CLANG_WARN_EMPTY_BODY = YES;
				CLANG_WARN_ENUM_CONVERSION = YES;
				CLANG_WARN_INFINITE_RECURSION = YES;
				CLANG_WARN_INT_CONVERSION = YES;
				CLANG_WARN_NON_LITERAL_NULL_CONVERSION = YES;
				CLANG_WARN_OBJC_IMPLICIT_RETAIN_SELF = YES;
				CLANG_WARN_OBJC_LITERAL_CONVERSION = YES;
				CLANG_WARN_OBJC_ROOT_CLASS = YES_ERROR;
				CLANG_WARN_RANGE_LOOP_ANALYSIS = YES;
				CLANG_WARN_STRICT_PROTOTYPES = YES;
				CLANG_WARN_SUSPICIOUS_MOVE = YES;
				CLANG_WARN_UNGUARDED_AVAILABILITY = YES_AGGRESSIVE;
				CLANG_WARN_UNREACHABLE_CODE = YES;
				CLANG_WARN__DUPLICATE_METHOD_MATCH = YES;
				COPY_PHASE_STRIP = NO;
				DEBUG_INFORMATION_FORMAT = dwarf;
				ENABLE_STRICT_OBJC_MSGSEND = YES;
				ENABLE_TESTABILITY = YES;
				GCC_C_LANGUAGE_STANDARD = gnu11;
				GCC_DYNAMIC_NO_PIC = NO;
				GCC_NO_COMMON_BLOCKS = YES;
				GCC_OPTIMIZATION_LEVEL = 0;
				GCC_PREPROCESSOR_DEFINITIONS = (
					"DEBUG=1",
					"$(inherited)",
				);
				GCC_WARN_64_TO_32_BIT_CONVERSION = YES;
				GCC_WARN_ABOUT_RETURN_TYPE = YES_ERROR;
				GCC_WARN_UNDECLARED_SELECTOR = YES;
				GCC_WARN_UNINITIALIZED_AUTOS = YES_AGGRESSIVE;
				GCC_WARN_UNUSED_FUNCTION = YES;
				GCC_WARN_UNUSED_VARIABLE = YES;
				IPHONEOS_DEPLOYMENT_TARGET = 13.2;
				MTL_ENABLE_DEBUG_INFO = INCLUDE_SOURCE;
				MTL_FAST_MATH = YES;
				ONLY_ACTIVE_ARCH = YES;
				SDKROOT = iphoneos;
			};
			name = Debug;
		};
		F0244AE7244EA03400897508 /* Release */ = {
			isa = XCBuildConfiguration;
			buildSettings = {
				ALWAYS_SEARCH_USER_PATHS = NO;
				CLANG_ANALYZER_NONNULL = YES;
				CLANG_ANALYZER_NUMBER_OBJECT_CONVERSION = YES_AGGRESSIVE;
				CLANG_CXX_LANGUAGE_STANDARD = "gnu++14";
				CLANG_CXX_LIBRARY = "libc++";
				CLANG_ENABLE_MODULES = YES;
				CLANG_ENABLE_OBJC_ARC = YES;
				CLANG_ENABLE_OBJC_WEAK = YES;
				CLANG_WARN_BLOCK_CAPTURE_AUTORELEASING = YES;
				CLANG_WARN_BOOL_CONVERSION = YES;
				CLANG_WARN_COMMA = YES;
				CLANG_WARN_CONSTANT_CONVERSION = YES;
				CLANG_WARN_DEPRECATED_OBJC_IMPLEMENTATIONS = YES;
				CLANG_WARN_DIRECT_OBJC_ISA_USAGE = YES_ERROR;
				CLANG_WARN_DOCUMENTATION_COMMENTS = YES;
				CLANG_WARN_EMPTY_BODY = YES;
				CLANG_WARN_ENUM_CONVERSION = YES;
				CLANG_WARN_INFINITE_RECURSION = YES;
				CLANG_WARN_INT_CONVERSION = YES;
				CLANG_WARN_NON_LITERAL_NULL_CONVERSION = YES;
				CLANG_WARN_OBJC_IMPLICIT_RETAIN_SELF = YES;
				CLANG_WARN_OBJC_LITERAL_CONVERSION = YES;
				CLANG_WARN_OBJC_ROOT_CLASS = YES_ERROR;
				CLANG_WARN_RANGE_LOOP_ANALYSIS = YES;
				CLANG_WARN_STRICT_PROTOTYPES = YES;
				CLANG_WARN_SUSPICIOUS_MOVE = YES;
				CLANG_WARN_UNGUARDED_AVAILABILITY = YES_AGGRESSIVE;
				CLANG_WARN_UNREACHABLE_CODE = YES;
				CLANG_WARN__DUPLICATE_METHOD_MATCH = YES;
				COPY_PHASE_STRIP = NO;
				DEBUG_INFORMATION_FORMAT = "dwarf-with-dsym";
				ENABLE_NS_ASSERTIONS = NO;
				ENABLE_STRICT_OBJC_MSGSEND = YES;
				GCC_C_LANGUAGE_STANDARD = gnu11;
				GCC_NO_COMMON_BLOCKS = YES;
				GCC_WARN_64_TO_32_BIT_CONVERSION = YES;
				GCC_WARN_ABOUT_RETURN_TYPE = YES_ERROR;
				GCC_WARN_UNDECLARED_SELECTOR = YES;
				GCC_WARN_UNINITIALIZED_AUTOS = YES_AGGRESSIVE;
				GCC_WARN_UNUSED_FUNCTION = YES;
				GCC_WARN_UNUSED_VARIABLE = YES;
				IPHONEOS_DEPLOYMENT_TARGET = 13.2;
				MTL_ENABLE_DEBUG_INFO = NO;
				MTL_FAST_MATH = YES;
				SDKROOT = iphoneos;
				VALIDATE_PRODUCT = YES;
			};
			name = Release;
		};
		F0244AE9244EA03400897508 /* Debug */ = {
			isa = XCBuildConfiguration;
			baseConfigurationReference = 1CC42787D1EAB1DC65A3EDAC /* Pods-iOS-Interview.debug.xcconfig */;
			buildSettings = {
				ASSETCATALOG_COMPILER_APPICON_NAME = AppIcon;
				CODE_SIGN_STYLE = Automatic;
				DEVELOPMENT_TEAM = QX8283AUA8;
				GCC_ENABLE_CPP_EXCEPTIONS = NO;
				GCC_ENABLE_OBJC_EXCEPTIONS = NO;
				INFOPLIST_FILE = "iOS-Interview/Info.plist";
				LD_RUNPATH_SEARCH_PATHS = (
					"$(inherited)",
					"@executable_path/Frameworks",
				);
				PRODUCT_BUNDLE_IDENTIFIER = "com.xzq.app.iOS-Interview";
				PRODUCT_NAME = "$(TARGET_NAME)";
				TARGETED_DEVICE_FAMILY = "1,2";
			};
			name = Debug;
		};
		F0244AEA244EA03400897508 /* Release */ = {
			isa = XCBuildConfiguration;
			baseConfigurationReference = 118DEDBB9BAEC22022259DC4 /* Pods-iOS-Interview.release.xcconfig */;
			buildSettings = {
				ASSETCATALOG_COMPILER_APPICON_NAME = AppIcon;
				CODE_SIGN_STYLE = Automatic;
				DEVELOPMENT_TEAM = QX8283AUA8;
				GCC_ENABLE_CPP_EXCEPTIONS = NO;
				GCC_ENABLE_OBJC_EXCEPTIONS = NO;
				INFOPLIST_FILE = "iOS-Interview/Info.plist";
				LD_RUNPATH_SEARCH_PATHS = (
					"$(inherited)",
					"@executable_path/Frameworks",
				);
				PRODUCT_BUNDLE_IDENTIFIER = "com.xzq.app.iOS-Interview";
				PRODUCT_NAME = "$(TARGET_NAME)";
				TARGETED_DEVICE_FAMILY = "1,2";
			};
			name = Release;
		};
/* End XCBuildConfiguration section */

/* Begin XCConfigurationList section */
		F0244ACA244EA03200897508 /* Build configuration list for PBXProject "iOS-Interview" */ = {
			isa = XCConfigurationList;
			buildConfigurations = (
				F0244AE6244EA03400897508 /* Debug */,
				F0244AE7244EA03400897508 /* Release */,
			);
			defaultConfigurationIsVisible = 0;
			defaultConfigurationName = Release;
		};
		F0244AE8244EA03400897508 /* Build configuration list for PBXNativeTarget "iOS-Interview" */ = {
			isa = XCConfigurationList;
			buildConfigurations = (
				F0244AE9244EA03400897508 /* Debug */,
				F0244AEA244EA03400897508 /* Release */,
			);
			defaultConfigurationIsVisible = 0;
			defaultConfigurationName = Release;
		};
/* End XCConfigurationList section */
	};
	rootObject = F0244AC7244EA03200897508 /* Project object */;
}
